
Microsoft Visual Studio Solution File, Format Version 12.00
# Visual Studio Version 16
VisualStudioVersion = 16.0.30621.155
MinimumVisualStudioVersion = 10.0.40219.1
Project("{FAE04EC0-301F-11D3-BF4B-00C04F79EFBC}") = "TGV.Model", "TGV.Model\TGV.Model.csproj", "{65E301F1-B386-4277-8141-7EE28E689E2F}"
EndProject
Project("{FAE04EC0-301F-11D3-BF4B-00C04F79EFBC}") = "TGV.DataAcess.Entity", "TGV.DataAcess.Entity\TGV.DataAcess.Entity.csproj", "{BBBB36C1-BB3C-45AF-AFEB-19789EBEEC4F}"
EndProject
Project("{FAE04EC0-301F-11D3-BF4B-00C04F79EFBC}") = "TGV.Site", "TGV.Site\TGV.Site.csproj", "{C6EB0C59-0451-45EB-99B7-FA4A1784FF26}"
EndProject
Global
	GlobalSection(SolutionConfigurationPlatforms) = preSolution
		Debug|Any CPU = Debug|Any CPU
		Release|Any CPU = Release|Any CPU
	EndGlobalSection
	GlobalSection(ProjectConfigurationPlatforms) = postSolution
		{65E301F1-B386-4277-8141-7EE28E689E2F}.Debug|Any CPU.ActiveCfg = Debug|Any CPU
		{65E301F1-B386-4277-8141-7EE28E689E2F}.Debug|Any CPU.Build.0 = Debug|Any CPU
		{65E301F1-B386-4277-8141-7EE28E689E2F}.Release|Any CPU.ActiveCfg = Release|Any CPU
		{65E301F1-B386-4277-8141-7EE28E689E2F}.Release|Any CPU.Build.0 = Release|Any CPU
		{BBBB36C1-BB3C-45AF-AFEB-19789EBEEC4F}.Debug|Any CPU.ActiveCfg = Debug|Any CPU
		{BBBB36C1-BB3C-45AF-AFEB-19789EBEEC4F}.Debug|Any CPU.Build.0 = Debug|Any CPU
		{BBBB36C1-BB3C-45AF-AFEB-19789EBEEC4F}.Release|Any CPU.ActiveCfg = Release|Any CPU
		{BBBB36C1-BB3C-45AF-AFEB-19789EBEEC4F}.Release|Any CPU.Build.0 = Release|Any CPU
		{C6EB0C59-0451-45EB-99B7-FA4A1784FF26}.Debug|Any CPU.ActiveCfg = Debug|Any CPU
		{C6EB0C59-0451-45EB-99B7-FA4A1784FF26}.Debug|Any CPU.Build.0 = Debug|Any CPU
		{C6EB0C59-0451-45EB-99B7-FA4A1784FF26}.Release|Any CPU.ActiveCfg = Release|Any CPU
		{C6EB0C59-0451-45EB-99B7-FA4A1784FF26}.Release|Any CPU.Build.0 = Release|Any CPU
	EndGlobalSection
	GlobalSection(SolutionProperties) = preSolution
		HideSolutionNode = FALSE
	EndGlobalSection
	GlobalSection(ExtensibilityGlobals) = postSolution
		SolutionGuid = {A8A38042-6460-4E22-B8BC-8D5FFFA76FDA}
	EndGlobalSection
EndGlobal
